
Microsoft Visual Studio Solution File, Format Version 12.00
# Visual Studio 14
VisualStudioVersion = 14.0.25420.1
MinimumVisualStudioVersion = 10.0.40219.1
Project("{FAE04EC0-301F-11D3-BF4B-00C04F79EFBC}") = "SEWC_ToolBox", "SEWC_ToolBox\SEWC_ToolBox.csproj", "{D4CEBE0A-732B-4D7C-98C2-A236ACD0A319}"
EndProject
Project("{FAE04EC0-301F-11D3-BF4B-00C04F79EFBC}") = "SEWC_ToolBox.UnitTests", "SEWC_ToolBox.UnitTests\SEWC_ToolBox.UnitTests.csproj", "{E52A7BDF-6637-4972-B7C7-7E6CB1FA1EE2}"
EndProject
Project("{FAE04EC0-301F-11D3-BF4B-00C04F79EFBC}") = "SEWC_ToolBox.Utilities", "SEWC_ToolBox.Utilities\SEWC_ToolBox.Utilities.csproj", "{ECFBB1FE-E717-48BD-960C-936E54EC6455}"
EndProject
Project("{FAE04EC0-301F-11D3-BF4B-00C04F79EFBC}") = "SEWC_ToolBox.DAL", "SEWC_ToolBox.DAL\SEWC_ToolBox.DAL.csproj", "{70CB5D90-9AA2-47C1-BA88-884D79A4B7CC}"
EndProject
Global
	GlobalSection(SolutionConfigurationPlatforms) = preSolution
		Debug|Any CPU = Debug|Any CPU
		Release|Any CPU = Release|Any CPU
	EndGlobalSection
	GlobalSection(ProjectConfigurationPlatforms) = postSolution
		{D4CEBE0A-732B-4D7C-98C2-A236ACD0A319}.Debug|Any CPU.ActiveCfg = Debug|Any CPU
		{D4CEBE0A-732B-4D7C-98C2-A236ACD0A319}.Debug|Any CPU.Build.0 = Debug|Any CPU
		{D4CEBE0A-732B-4D7C-98C2-A236ACD0A319}.Release|Any CPU.ActiveCfg = Release|Any CPU
		{D4CEBE0A-732B-4D7C-98C2-A236ACD0A319}.Release|Any CPU.Build.0 = Release|Any CPU
		{E52A7BDF-6637-4972-B7C7-7E6CB1FA1EE2}.Debug|Any CPU.ActiveCfg = Debug|Any CPU
		{E52A7BDF-6637-4972-B7C7-7E6CB1FA1EE2}.Debug|Any CPU.Build.0 = Debug|Any CPU
		{E52A7BDF-6637-4972-B7C7-7E6CB1FA1EE2}.Release|Any CPU.ActiveCfg = Release|Any CPU
		{E52A7BDF-6637-4972-B7C7-7E6CB1FA1EE2}.Release|Any CPU.Build.0 = Release|Any CPU
		{ECFBB1FE-E717-48BD-960C-936E54EC6455}.Debug|Any CPU.ActiveCfg = Debug|Any CPU
		{ECFBB1FE-E717-48BD-960C-936E54EC6455}.Debug|Any CPU.Build.0 = Debug|Any CPU
		{ECFBB1FE-E717-48BD-960C-936E54EC6455}.Release|Any CPU.ActiveCfg = Release|Any CPU
		{ECFBB1FE-E717-48BD-960C-936E54EC6455}.Release|Any CPU.Build.0 = Release|Any CPU
		{70CB5D90-9AA2-47C1-BA88-884D79A4B7CC}.Debug|Any CPU.ActiveCfg = Debug|Any CPU
		{70CB5D90-9AA2-47C1-BA88-884D79A4B7CC}.Debug|Any CPU.Build.0 = Debug|Any CPU
		{70CB5D90-9AA2-47C1-BA88-884D79A4B7CC}.Release|Any CPU.ActiveCfg = Release|Any CPU
		{70CB5D90-9AA2-47C1-BA88-884D79A4B7CC}.Release|Any CPU.Build.0 = Release|Any CPU
	EndGlobalSection
	GlobalSection(SolutionProperties) = preSolution
		HideSolutionNode = FALSE
	EndGlobalSection
EndGlobal
